        "@principal-ade/industry-themed-monaco-editor": "^0.1.6",
      "version": "0.1.6",
      "resolved": "https://registry.npmjs.org/@principal-ade/industry-themed-monaco-editor/-/industry-themed-monaco-editor-0.1.6.tgz",
      "integrity": "sha512-XM0WcxvSXJQ3kdj/rfNGVDDSLhUcLrSNMqw4cbNiAqLKxXz3dpPq7tuU7gwgfB2khcPkT2xrR9QFGHYWa99hcQ==",
